
Microsoft Visual Studio Solution File, Format Version 12.00
# Visual Studio 15
VisualStudioVersion = 15.0.28307.438
MinimumVisualStudioVersion = 10.0.40219.1
Project("{8BC9CEB8-8B4A-11D0-8D11-00A0C91BC942}") = "WorkerTimer", "WorkerTimer\WorkTimer.vcxproj", "{9B044F6B-2A36-42DC-98F5-239A892C97D0}"
EndProject
Global
	GlobalSection(SolutionConfigurationPlatforms) = preSolution
		Debug|x64 = Debug|x64
		Debug|x86 = Debug|x86
		Release|x64 = Release|x64
		Release|x86 = Release|x86
	EndGlobalSection
	GlobalSection(ProjectConfigurationPlatforms) = postSolution
		{9B044F6B-2A36-42DC-98F5-239A892C97D0}.Debug|x64.ActiveCfg = Debug|x64
		{9B044F6B-2A36-42DC-98F5-239A892C97D0}.Debug|x64.Build.0 = Debug|x64
		{9B044F6B-2A36-42DC-98F5-239A892C97D0}.Debug|x86.ActiveCfg = Debug|Win32
		{9B044F6B-2A36-42DC-98F5-239A892C97D0}.Debug|x86.Build.0 = Debug|Win32
		{9B044F6B-2A36-42DC-98F5-239A892C97D0}.Release|x64.ActiveCfg = Release|x64
		{9B044F6B-2A36-42DC-98F5-239A892C97D0}.Release|x64.Build.0 = Release|x64
		{9B044F6B-2A36-42DC-98F5-239A892C97D0}.Release|x86.ActiveCfg = Release|Win32
		{9B044F6B-2A36-42DC-98F5-239A892C97D0}.Release|x86.Build.0 = Release|Win32
	EndGlobalSection
	GlobalSection(SolutionProperties) = preSolution
		HideSolutionNode = FALSE
	EndGlobalSection
	GlobalSection(ExtensibilityGlobals) = postSolution
		SolutionGuid = {06210672-27DC-449E-BDD1-781705946988}
	EndGlobalSection
EndGlobal
